// !$*UTF8*$!
{
	archiveVersion = 1;
	classes = {
	};
	objectVersion = 55;
	objects = {

/* Begin PBXBuildFile section */
		0B0A35993AB4E9F692F75089 /* Pods_BirdChatTests.framework in Frameworks */ = {isa = PBXBuildFile; fileRef = 4F790F8DFF8574173EE32311 /* Pods_BirdChatTests.framework */; };
		7933462FF82C49483C483BDE /* Pods_BirdChat.framework in Frameworks */ = {isa = PBXBuildFile; fileRef = 1CCF921589427219EDB865EC /* Pods_BirdChat.framework */; };
		9404385727D33E6A00A04D02 /* VerticalStack.swift in Sources */ = {isa = PBXBuildFile; fileRef = 9404385627D33E6A00A04D02 /* VerticalStack.swift */; };
		944048F327D372D4005109F1 /* AudioInputField.swift in Sources */ = {isa = PBXBuildFile; fileRef = 944048F227D372D4005109F1 /* AudioInputField.swift */; };
		944048F727D3A6C6005109F1 /* MessengerService.swift in Sources */ = {isa = PBXBuildFile; fileRef = 944048F627D3A6C6005109F1 /* MessengerService.swift */; };
		944048F927D3EB0A005109F1 /* ChatViewModel.swift in Sources */ = {isa = PBXBuildFile; fileRef = 944048F827D3EB0A005109F1 /* ChatViewModel.swift */; };
		9476E62D27CF947C00D94C4A /* AppDelegate.swift in Sources */ = {isa = PBXBuildFile; fileRef = 9476E62C27CF947C00D94C4A /* AppDelegate.swift */; };
		9476E62F27CF947C00D94C4A /* SceneDelegate.swift in Sources */ = {isa = PBXBuildFile; fileRef = 9476E62E27CF947C00D94C4A /* SceneDelegate.swift */; };
		9476E63627CF947F00D94C4A /* Assets.xcassets in Resources */ = {isa = PBXBuildFile; fileRef = 9476E63527CF947F00D94C4A /* Assets.xcassets */; };
		9476E63927CF947F00D94C4A /* LaunchScreen.storyboard in Resources */ = {isa = PBXBuildFile; fileRef = 9476E63727CF947F00D94C4A /* LaunchScreen.storyboard */; };
		9476E64427CF947F00D94C4A /* BirdChatTests.swift in Sources */ = {isa = PBXBuildFile; fileRef = 9476E64327CF947F00D94C4A /* BirdChatTests.swift */; };
		9476E64E27CF947F00D94C4A /* BirdChatUITests.swift in Sources */ = {isa = PBXBuildFile; fileRef = 9476E64D27CF947F00D94C4A /* BirdChatUITests.swift */; };
		9476E65027CF947F00D94C4A /* BirdChatUITestsLaunchTests.swift in Sources */ = {isa = PBXBuildFile; fileRef = 9476E64F27CF947F00D94C4A /* BirdChatUITestsLaunchTests.swift */; };
		948E486A27D4A6E400E35408 /* MesssengerServiceRepository.swift in Sources */ = {isa = PBXBuildFile; fileRef = 948E486927D4A6E400E35408 /* MesssengerServiceRepository.swift */; };
		948E487027D4A8CF00E35408 /* ChatMessage.swift in Sources */ = {isa = PBXBuildFile; fileRef = 948E486F27D4A8CF00E35408 /* ChatMessage.swift */; };
		948E487227D4A8DF00E35408 /* Sender.swift in Sources */ = {isa = PBXBuildFile; fileRef = 948E487127D4A8DF00E35408 /* Sender.swift */; };
		94AD641627D28BA400AA486E /* UIView+Extension.swift in Sources */ = {isa = PBXBuildFile; fileRef = 94AD641027D28BA400AA486E /* UIView+Extension.swift */; };
		94AD641727D28BA400AA486E /* BasePreviewProvider.swift in Sources */ = {isa = PBXBuildFile; fileRef = 94AD641127D28BA400AA486E /* BasePreviewProvider.swift */; };
		94AD641B27D28BA400AA486E /* BaseView.swift in Sources */ = {isa = PBXBuildFile; fileRef = 94AD641527D28BA400AA486E /* BaseView.swift */; };
		94AD641E27D28C7300AA486E /* MessageInputField.swift in Sources */ = {isa = PBXBuildFile; fileRef = 94AD641D27D28C7300AA486E /* MessageInputField.swift */; };
		94AD642027D28D9F00AA486E /* ChatViewController.swift in Sources */ = {isa = PBXBuildFile; fileRef = 94AD641F27D28D9F00AA486E /* ChatViewController.swift */; };
		94AD642227D29AB800AA486E /* HorizontalStack.swift in Sources */ = {isa = PBXBuildFile; fileRef = 94AD642127D29AB800AA486E /* HorizontalStack.swift */; };
		A0DA3592657DC9439F2D1E9A /* Pods_BirdChat_BirdChatUITests.framework in Frameworks */ = {isa = PBXBuildFile; fileRef = D4BC5AF734B8C4F9B983B207 /* Pods_BirdChat_BirdChatUITests.framework */; };
/* End PBXBuildFile section */

/* Begin PBXContainerItemProxy section */
		9476E64027CF947F00D94C4A /* PBXContainerItemProxy */ = {
			isa = PBXContainerItemProxy;
			containerPortal = 9476E62127CF947C00D94C4A /* Project object */;
			proxyType = 1;
			remoteGlobalIDString = 9476E62827CF947C00D94C4A;
			remoteInfo = BirdChat;
		};
		9476E64A27CF947F00D94C4A /* PBXContainerItemProxy */ = {
			isa = PBXContainerItemProxy;
			containerPortal = 9476E62127CF947C00D94C4A /* Project object */;
			proxyType = 1;
			remoteGlobalIDString = 9476E62827CF947C00D94C4A;
			remoteInfo = BirdChat;
		};
/* End PBXContainerItemProxy section */

/* Begin PBXFileReference section */
		1CCF921589427219EDB865EC /* Pods_BirdChat.framework */ = {isa = PBXFileReference; explicitFileType = wrapper.framework; includeInIndex = 0; path = Pods_BirdChat.framework; sourceTree = BUILT_PRODUCTS_DIR; };
		4F790F8DFF8574173EE32311 /* Pods_BirdChatTests.framework */ = {isa = PBXFileReference; explicitFileType = wrapper.framework; includeInIndex = 0; path = Pods_BirdChatTests.framework; sourceTree = BUILT_PRODUCTS_DIR; };
		5311B78E4A264760AECF4279 /* Pods-BirdChat-BirdChatUITests.debug.xcconfig */ = {isa = PBXFileReference; includeInIndex = 1; lastKnownFileType = text.xcconfig; name = "Pods-BirdChat-BirdChatUITests.debug.xcconfig"; path = "Target Support Files/Pods-BirdChat-BirdChatUITests/Pods-BirdChat-BirdChatUITests.debug.xcconfig"; sourceTree = "<group>"; };
		59B6E3349C46F80185ACE01C /* Pods-BirdChat.release.xcconfig */ = {isa = PBXFileReference; includeInIndex = 1; lastKnownFileType = text.xcconfig; name = "Pods-BirdChat.release.xcconfig"; path = "Target Support Files/Pods-BirdChat/Pods-BirdChat.release.xcconfig"; sourceTree = "<group>"; };
		6DD2438234F614A63D3E3384 /* Pods-BirdChat-BirdChatUITests.release.xcconfig */ = {isa = PBXFileReference; includeInIndex = 1; lastKnownFileType = text.xcconfig; name = "Pods-BirdChat-BirdChatUITests.release.xcconfig"; path = "Target Support Files/Pods-BirdChat-BirdChatUITests/Pods-BirdChat-BirdChatUITests.release.xcconfig"; sourceTree = "<group>"; };
		8270120E65EFB10C43068DAA /* Pods-BirdChat.debug.xcconfig */ = {isa = PBXFileReference; includeInIndex = 1; lastKnownFileType = text.xcconfig; name = "Pods-BirdChat.debug.xcconfig"; path = "Target Support Files/Pods-BirdChat/Pods-BirdChat.debug.xcconfig"; sourceTree = "<group>"; };
		9404385627D33E6A00A04D02 /* VerticalStack.swift */ = {isa = PBXFileReference; lastKnownFileType = sourcecode.swift; path = VerticalStack.swift; sourceTree = "<group>"; };
		944048F227D372D4005109F1 /* AudioInputField.swift */ = {isa = PBXFileReference; lastKnownFileType = sourcecode.swift; path = AudioInputField.swift; sourceTree = "<group>"; };
		944048F627D3A6C6005109F1 /* MessengerService.swift */ = {isa = PBXFileReference; lastKnownFileType = sourcecode.swift; path = MessengerService.swift; sourceTree = "<group>"; };
		944048F827D3EB0A005109F1 /* ChatViewModel.swift */ = {isa = PBXFileReference; lastKnownFileType = sourcecode.swift; path = ChatViewModel.swift; sourceTree = "<group>"; };
		9476E62927CF947C00D94C4A /* BirdChat.app */ = {isa = PBXFileReference; explicitFileType = wrapper.application; includeInIndex = 0; path = BirdChat.app; sourceTree = BUILT_PRODUCTS_DIR; };
		9476E62C27CF947C00D94C4A /* AppDelegate.swift */ = {isa = PBXFileReference; lastKnownFileType = sourcecode.swift; path = AppDelegate.swift; sourceTree = "<group>"; };
		9476E62E27CF947C00D94C4A /* SceneDelegate.swift */ = {isa = PBXFileReference; lastKnownFileType = sourcecode.swift; path = SceneDelegate.swift; sourceTree = "<group>"; };
		9476E63527CF947F00D94C4A /* Assets.xcassets */ = {isa = PBXFileReference; lastKnownFileType = folder.assetcatalog; path = Assets.xcassets; sourceTree = "<group>"; };
		9476E63827CF947F00D94C4A /* Base */ = {isa = PBXFileReference; lastKnownFileType = file.storyboard; name = Base; path = Base.lproj/LaunchScreen.storyboard; sourceTree = "<group>"; };
		9476E63A27CF947F00D94C4A /* Info.plist */ = {isa = PBXFileReference; lastKnownFileType = text.plist.xml; path = Info.plist; sourceTree = "<group>"; };
		9476E63F27CF947F00D94C4A /* BirdChatTests.xctest */ = {isa = PBXFileReference; explicitFileType = wrapper.cfbundle; includeInIndex = 0; path = BirdChatTests.xctest; sourceTree = BUILT_PRODUCTS_DIR; };
		9476E64327CF947F00D94C4A /* BirdChatTests.swift */ = {isa = PBXFileReference; lastKnownFileType = sourcecode.swift; path = BirdChatTests.swift; sourceTree = "<group>"; };
		9476E64927CF947F00D94C4A /* BirdChatUITests.xctest */ = {isa = PBXFileReference; explicitFileType = wrapper.cfbundle; includeInIndex = 0; path = BirdChatUITests.xctest; sourceTree = BUILT_PRODUCTS_DIR; };
		9476E64D27CF947F00D94C4A /* BirdChatUITests.swift */ = {isa = PBXFileReference; lastKnownFileType = sourcecode.swift; path = BirdChatUITests.swift; sourceTree = "<group>"; };
		9476E64F27CF947F00D94C4A /* BirdChatUITestsLaunchTests.swift */ = {isa = PBXFileReference; lastKnownFileType = sourcecode.swift; path = BirdChatUITestsLaunchTests.swift; sourceTree = "<group>"; };
		948E486927D4A6E400E35408 /* MesssengerServiceRepository.swift */ = {isa = PBXFileReference; lastKnownFileType = sourcecode.swift; path = MesssengerServiceRepository.swift; sourceTree = "<group>"; };
		948E486F27D4A8CF00E35408 /* ChatMessage.swift */ = {isa = PBXFileReference; lastKnownFileType = sourcecode.swift; path = ChatMessage.swift; sourceTree = "<group>"; };
		948E487127D4A8DF00E35408 /* Sender.swift */ = {isa = PBXFileReference; lastKnownFileType = sourcecode.swift; path = Sender.swift; sourceTree = "<group>"; };
		94AD641027D28BA400AA486E /* UIView+Extension.swift */ = {isa = PBXFileReference; fileEncoding = 4; lastKnownFileType = sourcecode.swift; path = "UIView+Extension.swift"; sourceTree = "<group>"; };
		94AD641127D28BA400AA486E /* BasePreviewProvider.swift */ = {isa = PBXFileReference; fileEncoding = 4; lastKnownFileType = sourcecode.swift; path = BasePreviewProvider.swift; sourceTree = "<group>"; };
		94AD641527D28BA400AA486E /* BaseView.swift */ = {isa = PBXFileReference; fileEncoding = 4; lastKnownFileType = sourcecode.swift; path = BaseView.swift; sourceTree = "<group>"; };
		94AD641D27D28C7300AA486E /* MessageInputField.swift */ = {isa = PBXFileReference; lastKnownFileType = sourcecode.swift; path = MessageInputField.swift; sourceTree = "<group>"; };
		94AD641F27D28D9F00AA486E /* ChatViewController.swift */ = {isa = PBXFileReference; lastKnownFileType = sourcecode.swift; path = ChatViewController.swift; sourceTree = "<group>"; };
		94AD642127D29AB800AA486E /* HorizontalStack.swift */ = {isa = PBXFileReference; lastKnownFileType = sourcecode.swift; path = HorizontalStack.swift; sourceTree = "<group>"; };
		9957786B54BDA672453E0F9D /* Pods-BirdChatTests.release.xcconfig */ = {isa = PBXFileReference; includeInIndex = 1; lastKnownFileType = text.xcconfig; name = "Pods-BirdChatTests.release.xcconfig"; path = "Target Support Files/Pods-BirdChatTests/Pods-BirdChatTests.release.xcconfig"; sourceTree = "<group>"; };
		C6827FCE69F99978FCE30F54 /* Pods-BirdChatTests.debug.xcconfig */ = {isa = PBXFileReference; includeInIndex = 1; lastKnownFileType = text.xcconfig; name = "Pods-BirdChatTests.debug.xcconfig"; path = "Target Support Files/Pods-BirdChatTests/Pods-BirdChatTests.debug.xcconfig"; sourceTree = "<group>"; };
		D4BC5AF734B8C4F9B983B207 /* Pods_BirdChat_BirdChatUITests.framework */ = {isa = PBXFileReference; explicitFileType = wrapper.framework; includeInIndex = 0; path = Pods_BirdChat_BirdChatUITests.framework; sourceTree = BUILT_PRODUCTS_DIR; };
/* End PBXFileReference section */

/* Begin PBXFrameworksBuildPhase section */
		9476E62627CF947C00D94C4A /* Frameworks */ = {
			isa = PBXFrameworksBuildPhase;
			buildActionMask = 2147483647;
			files = (
				7933462FF82C49483C483BDE /* Pods_BirdChat.framework in Frameworks */,
			);
			runOnlyForDeploymentPostprocessing = 0;
		};
		9476E63C27CF947F00D94C4A /* Frameworks */ = {
			isa = PBXFrameworksBuildPhase;
			buildActionMask = 2147483647;
			files = (
				0B0A35993AB4E9F692F75089 /* Pods_BirdChatTests.framework in Frameworks */,
			);
			runOnlyForDeploymentPostprocessing = 0;
		};
		9476E64627CF947F00D94C4A /* Frameworks */ = {
			isa = PBXFrameworksBuildPhase;
			buildActionMask = 2147483647;
			files = (
				A0DA3592657DC9439F2D1E9A /* Pods_BirdChat_BirdChatUITests.framework in Frameworks */,
			);
			runOnlyForDeploymentPostprocessing = 0;
		};
/* End PBXFrameworksBuildPhase section */

/* Begin PBXGroup section */
		3439739F72E665DAC4B1116D /* Pods */ = {
			isa = PBXGroup;
			children = (
				8270120E65EFB10C43068DAA /* Pods-BirdChat.debug.xcconfig */,
				59B6E3349C46F80185ACE01C /* Pods-BirdChat.release.xcconfig */,
				5311B78E4A264760AECF4279 /* Pods-BirdChat-BirdChatUITests.debug.xcconfig */,
				6DD2438234F614A63D3E3384 /* Pods-BirdChat-BirdChatUITests.release.xcconfig */,
				C6827FCE69F99978FCE30F54 /* Pods-BirdChatTests.debug.xcconfig */,
				9957786B54BDA672453E0F9D /* Pods-BirdChatTests.release.xcconfig */,
			);
			path = Pods;
			sourceTree = "<group>";
		};
		6DAC5E7D28627532E623D6ED /* Frameworks */ = {
			isa = PBXGroup;
			children = (
				1CCF921589427219EDB865EC /* Pods_BirdChat.framework */,
				D4BC5AF734B8C4F9B983B207 /* Pods_BirdChat_BirdChatUITests.framework */,
				4F790F8DFF8574173EE32311 /* Pods_BirdChatTests.framework */,
			);
			name = Frameworks;
			sourceTree = "<group>";
		};
		944048F427D377A2005109F1 /* Stack View */ = {
			isa = PBXGroup;
			children = (
				9404385627D33E6A00A04D02 /* VerticalStack.swift */,
				94AD642127D29AB800AA486E /* HorizontalStack.swift */,
			);
			path = "Stack View";
			sourceTree = "<group>";
		};
		944048F527D3781C005109F1 /* UIView */ = {
			isa = PBXGroup;
			children = (
				94AD641527D28BA400AA486E /* BaseView.swift */,
				94AD641027D28BA400AA486E /* UIView+Extension.swift */,
				94AD641127D28BA400AA486E /* BasePreviewProvider.swift */,
			);
			path = UIView;
			sourceTree = "<group>";
		};
		9476E62027CF947C00D94C4A = {
			isa = PBXGroup;
			children = (
				9476E62B27CF947C00D94C4A /* BirdChat */,
				9476E64227CF947F00D94C4A /* BirdChatTests */,
				9476E64C27CF947F00D94C4A /* BirdChatUITests */,
				9476E62A27CF947C00D94C4A /* Products */,
				3439739F72E665DAC4B1116D /* Pods */,
				6DAC5E7D28627532E623D6ED /* Frameworks */,
			);
			sourceTree = "<group>";
		};
		9476E62A27CF947C00D94C4A /* Products */ = {
			isa = PBXGroup;
			children = (
				9476E62927CF947C00D94C4A /* BirdChat.app */,
				9476E63F27CF947F00D94C4A /* BirdChatTests.xctest */,
				9476E64927CF947F00D94C4A /* BirdChatUITests.xctest */,
			);
			name = Products;
			sourceTree = "<group>";
		};
		9476E62B27CF947C00D94C4A /* BirdChat */ = {
			isa = PBXGroup;
			children = (
				9476E65D27CFB7AE00D94C4A /* App */,
				94AD641C27D28BB100AA486E /* Utility */,
				9476E65E27CFB92200D94C4A /* Resources */,
			);
			path = BirdChat;
			sourceTree = "<group>";
		};
		9476E64227CF947F00D94C4A /* BirdChatTests */ = {
			isa = PBXGroup;
			children = (
				9476E64327CF947F00D94C4A /* BirdChatTests.swift */,
			);
			path = BirdChatTests;
			sourceTree = "<group>";
		};
		9476E64C27CF947F00D94C4A /* BirdChatUITests */ = {
			isa = PBXGroup;
			children = (
				9476E64D27CF947F00D94C4A /* BirdChatUITests.swift */,
				9476E64F27CF947F00D94C4A /* BirdChatUITestsLaunchTests.swift */,
			);
			path = BirdChatUITests;
			sourceTree = "<group>";
		};
		9476E65D27CFB7AE00D94C4A /* App */ = {
			isa = PBXGroup;
			children = (
				9476E62C27CF947C00D94C4A /* AppDelegate.swift */,
				9476E62E27CF947C00D94C4A /* SceneDelegate.swift */,
				94AD641F27D28D9F00AA486E /* ChatViewController.swift */,
				944048F827D3EB0A005109F1 /* ChatViewModel.swift */,
			);
			path = App;
			sourceTree = "<group>";
		};
		9476E65E27CFB92200D94C4A /* Resources */ = {
			isa = PBXGroup;
			children = (
				9476E63A27CF947F00D94C4A /* Info.plist */,
				9476E63527CF947F00D94C4A /* Assets.xcassets */,
				9476E63727CF947F00D94C4A /* LaunchScreen.storyboard */,
			);
			path = Resources;
			sourceTree = "<group>";
		};
		948E486B27D4A87600E35408 /* Service */ = {
			isa = PBXGroup;
			children = (
				944048F627D3A6C6005109F1 /* MessengerService.swift */,
				948E486927D4A6E400E35408 /* MesssengerServiceRepository.swift */,
			);
			path = Service;
			sourceTree = "<group>";
		};
		948E486C27D4A8B400E35408 /* Model */ = {
			isa = PBXGroup;
			children = (
				948E487127D4A8DF00E35408 /* Sender.swift */,
				948E486F27D4A8CF00E35408 /* ChatMessage.swift */,
			);
			path = Model;
			sourceTree = "<group>";
		};
		94AD640F27D28BA400AA486E /* Subclass */ = {
			isa = PBXGroup;
			children = (
				944048F527D3781C005109F1 /* UIView */,
				944048F427D377A2005109F1 /* Stack View */,
				944048F227D372D4005109F1 /* AudioInputField.swift */,
				94AD641D27D28C7300AA486E /* MessageInputField.swift */,
			);
			path = Subclass;
			sourceTree = "<group>";
		};
		94AD641C27D28BB100AA486E /* Utility */ = {
			isa = PBXGroup;
			children = (
				948E486C27D4A8B400E35408 /* Model */,
				948E486B27D4A87600E35408 /* Service */,
				94AD640F27D28BA400AA486E /* Subclass */,
			);
			path = Utility;
			sourceTree = "<group>";
		};
/* End PBXGroup section */

/* Begin PBXNativeTarget section */
		9476E62827CF947C00D94C4A /* BirdChat */ = {
			isa = PBXNativeTarget;
			buildConfigurationList = 9476E65327CF947F00D94C4A /* Build configuration list for PBXNativeTarget "BirdChat" */;
			buildPhases = (
				9BBDD1CDC2A081DA837AA19F /* [CP] Check Pods Manifest.lock */,
				9476E62527CF947C00D94C4A /* Sources */,
				9476E62627CF947C00D94C4A /* Frameworks */,
				9476E62727CF947C00D94C4A /* Resources */,
				9476E65C27CFB78300D94C4A /* Run Script + SwiftLint */,
				C2C66435A73A5A5D141CA015 /* [CP] Embed Pods Frameworks */,
			);
			buildRules = (
			);
			dependencies = (
			);
			name = BirdChat;
			productName = BirdChat;
			productReference = 9476E62927CF947C00D94C4A /* BirdChat.app */;
			productType = "com.apple.product-type.application";
		};
		9476E63E27CF947F00D94C4A /* BirdChatTests */ = {
			isa = PBXNativeTarget;
			buildConfigurationList = 9476E65627CF947F00D94C4A /* Build configuration list for PBXNativeTarget "BirdChatTests" */;
			buildPhases = (
				3868C2715AFE897FA6EE71BA /* [CP] Check Pods Manifest.lock */,
				9476E63B27CF947F00D94C4A /* Sources */,
				9476E63C27CF947F00D94C4A /* Frameworks */,
				9476E63D27CF947F00D94C4A /* Resources */,
			);
			buildRules = (
			);
			dependencies = (
				9476E64127CF947F00D94C4A /* PBXTargetDependency */,
			);
			name = BirdChatTests;
			productName = BirdChatTests;
			productReference = 9476E63F27CF947F00D94C4A /* BirdChatTests.xctest */;
			productType = "com.apple.product-type.bundle.unit-test";
		};
		9476E64827CF947F00D94C4A /* BirdChatUITests */ = {
			isa = PBXNativeTarget;
			buildConfigurationList = 9476E65927CF947F00D94C4A /* Build configuration list for PBXNativeTarget "BirdChatUITests" */;
			buildPhases = (
				D2C1FF9FF6668FF75D0E5756 /* [CP] Check Pods Manifest.lock */,
				9476E64527CF947F00D94C4A /* Sources */,
				9476E64627CF947F00D94C4A /* Frameworks */,
				9476E64727CF947F00D94C4A /* Resources */,
				93FC7F5CEBF99F443212BE63 /* [CP] Embed Pods Frameworks */,
			);
			buildRules = (
			);
			dependencies = (
				9476E64B27CF947F00D94C4A /* PBXTargetDependency */,
			);
			name = BirdChatUITests;
			productName = BirdChatUITests;
			productReference = 9476E64927CF947F00D94C4A /* BirdChatUITests.xctest */;
			productType = "com.apple.product-type.bundle.ui-testing";
		};
/* End PBXNativeTarget section */

/* Begin PBXProject section */
		9476E62127CF947C00D94C4A /* Project object */ = {
			isa = PBXProject;
			attributes = {
				BuildIndependentTargetsInParallel = 1;
				LastSwiftUpdateCheck = 1320;
				LastUpgradeCheck = 1320;
				TargetAttributes = {
					9476E62827CF947C00D94C4A = {
						CreatedOnToolsVersion = 13.2.1;
					};
					9476E63E27CF947F00D94C4A = {
						CreatedOnToolsVersion = 13.2.1;
						TestTargetID = 9476E62827CF947C00D94C4A;
					};
					9476E64827CF947F00D94C4A = {
						CreatedOnToolsVersion = 13.2.1;
						TestTargetID = 9476E62827CF947C00D94C4A;
					};
				};
			};
			buildConfigurationList = 9476E62427CF947C00D94C4A /* Build configuration list for PBXProject "BirdChat" */;
			compatibilityVersion = "Xcode 13.0";
			developmentRegion = en;
			hasScannedForEncodings = 0;
			knownRegions = (
				en,
				Base,
			);
			mainGroup = 9476E62027CF947C00D94C4A;
			productRefGroup = 9476E62A27CF947C00D94C4A /* Products */;
			projectDirPath = "";
			projectRoot = "";
			targets = (
				9476E62827CF947C00D94C4A /* BirdChat */,
				9476E63E27CF947F00D94C4A /* BirdChatTests */,
				9476E64827CF947F00D94C4A /* BirdChatUITests */,
			);
		};
/* End PBXProject section */

/* Begin PBXResourcesBuildPhase section */
		9476E62727CF947C00D94C4A /* Resources */ = {
			isa = PBXResourcesBuildPhase;
			buildActionMask = 2147483647;
			files = (
				9476E63927CF947F00D94C4A /* LaunchScreen.storyboard in Resources */,
				9476E63627CF947F00D94C4A /* Assets.xcassets in Resources */,
			);
			runOnlyForDeploymentPostprocessing = 0;
		};
		9476E63D27CF947F00D94C4A /* Resources */ = {
			isa = PBXResourcesBuildPhase;
			buildActionMask = 2147483647;
			files = (
			);
			runOnlyForDeploymentPostprocessing = 0;
		};
		9476E64727CF947F00D94C4A /* Resources */ = {
			isa = PBXResourcesBuildPhase;
			buildActionMask = 2147483647;
			files = (
			);
			runOnlyForDeploymentPostprocessing = 0;
		};
/* End PBXResourcesBuildPhase section */

/* Begin PBXShellScriptBuildPhase section */
		3868C2715AFE897FA6EE71BA /* [CP] Check Pods Manifest.lock */ = {
			isa = PBXShellScriptBuildPhase;
			buildActionMask = 2147483647;
			files = (
			);
			inputFileListPaths = (
			);
			inputPaths = (
				"${PODS_PODFILE_DIR_PATH}/Podfile.lock",
				"${PODS_ROOT}/Manifest.lock",
			);
			name = "[CP] Check Pods Manifest.lock";
			outputFileListPaths = (
			);
			outputPaths = (
				"$(DERIVED_FILE_DIR)/Pods-BirdChatTests-checkManifestLockResult.txt",
			);
			runOnlyForDeploymentPostprocessing = 0;
			shellPath = /bin/sh;
			shellScript = "diff \"${PODS_PODFILE_DIR_PATH}/Podfile.lock\" \"${PODS_ROOT}/Manifest.lock\" > /dev/null\nif [ $? != 0 ] ; then\n    # print error to STDERR\n    echo \"error: The sandbox is not in sync with the Podfile.lock. Run 'pod install' or update your CocoaPods installation.\" >&2\n    exit 1\nfi\n# This output is used by Xcode 'outputs' to avoid re-running this script phase.\necho \"SUCCESS\" > \"${SCRIPT_OUTPUT_FILE_0}\"\n";
			showEnvVarsInLog = 0;
		};
		93FC7F5CEBF99F443212BE63 /* [CP] Embed Pods Frameworks */ = {
			isa = PBXShellScriptBuildPhase;
			buildActionMask = 2147483647;
			files = (
			);
			inputFileListPaths = (
				"${PODS_ROOT}/Target Support Files/Pods-BirdChat-BirdChatUITests/Pods-BirdChat-BirdChatUITests-frameworks-${CONFIGURATION}-input-files.xcfilelist",
			);
			name = "[CP] Embed Pods Frameworks";
			outputFileListPaths = (
				"${PODS_ROOT}/Target Support Files/Pods-BirdChat-BirdChatUITests/Pods-BirdChat-BirdChatUITests-frameworks-${CONFIGURATION}-output-files.xcfilelist",
			);
			runOnlyForDeploymentPostprocessing = 0;
			shellPath = /bin/sh;
			shellScript = "\"${PODS_ROOT}/Target Support Files/Pods-BirdChat-BirdChatUITests/Pods-BirdChat-BirdChatUITests-frameworks.sh\"\n";
			showEnvVarsInLog = 0;
		};
		9476E65C27CFB78300D94C4A /* Run Script + SwiftLint */ = {
			isa = PBXShellScriptBuildPhase;
			buildActionMask = 2147483647;
			files = (
			);
			inputFileListPaths = (
			);
			inputPaths = (
			);
			name = "Run Script + SwiftLint";
			outputFileListPaths = (
			);
			outputPaths = (
			);
			runOnlyForDeploymentPostprocessing = 0;
			shellPath = /bin/sh;
			shellScript = "# Type a script or drag a script file from your workspace to insert its path.\nif which swiftlint >/dev/null; then\n  swiftlint --config .swiftlint.yml\nelse\n  echo \"warning: SwiftLint not installed, download from https://github.com/realm/SwiftLint\"\nfi\n";
		};
		9BBDD1CDC2A081DA837AA19F /* [CP] Check Pods Manifest.lock */ = {
			isa = PBXShellScriptBuildPhase;
			buildActionMask = 2147483647;
			files = (
			);
			inputFileListPaths = (
			);
			inputPaths = (
				"${PODS_PODFILE_DIR_PATH}/Podfile.lock",
				"${PODS_ROOT}/Manifest.lock",
			);
			name = "[CP] Check Pods Manifest.lock";
			outputFileListPaths = (
			);
			outputPaths = (
				"$(DERIVED_FILE_DIR)/Pods-BirdChat-checkManifestLockResult.txt",
			);
			runOnlyForDeploymentPostprocessing = 0;
			shellPath = /bin/sh;
			shellScript = "diff \"${PODS_PODFILE_DIR_PATH}/Podfile.lock\" \"${PODS_ROOT}/Manifest.lock\" > /dev/null\nif [ $? != 0 ] ; then\n    # print error to STDERR\n    echo \"error: The sandbox is not in sync with the Podfile.lock. Run 'pod install' or update your CocoaPods installation.\" >&2\n    exit 1\nfi\n# This output is used by Xcode 'outputs' to avoid re-running this script phase.\necho \"SUCCESS\" > \"${SCRIPT_OUTPUT_FILE_0}\"\n";
			showEnvVarsInLog = 0;
		};
		C2C66435A73A5A5D141CA015 /* [CP] Embed Pods Frameworks */ = {
			isa = PBXShellScriptBuildPhase;
			buildActionMask = 2147483647;
			files = (
			);
			inputFileListPaths = (
				"${PODS_ROOT}/Target Support Files/Pods-BirdChat/Pods-BirdChat-frameworks-${CONFIGURATION}-input-files.xcfilelist",
			);
			name = "[CP] Embed Pods Frameworks";
			outputFileListPaths = (
				"${PODS_ROOT}/Target Support Files/Pods-BirdChat/Pods-BirdChat-frameworks-${CONFIGURATION}-output-files.xcfilelist",
			);
			runOnlyForDeploymentPostprocessing = 0;
			shellPath = /bin/sh;
			shellScript = "\"${PODS_ROOT}/Target Support Files/Pods-BirdChat/Pods-BirdChat-frameworks.sh\"\n";
			showEnvVarsInLog = 0;
		};
		D2C1FF9FF6668FF75D0E5756 /* [CP] Check Pods Manifest.lock */ = {
			isa = PBXShellScriptBuildPhase;
			buildActionMask = 2147483647;
			files = (
			);
			inputFileListPaths = (
			);
			inputPaths = (
				"${PODS_PODFILE_DIR_PATH}/Podfile.lock",
				"${PODS_ROOT}/Manifest.lock",
			);
			name = "[CP] Check Pods Manifest.lock";
			outputFileListPaths = (
			);
			outputPaths = (
				"$(DERIVED_FILE_DIR)/Pods-BirdChat-BirdChatUITests-checkManifestLockResult.txt",
			);
			runOnlyForDeploymentPostprocessing = 0;
			shellPath = /bin/sh;
			shellScript = "diff \"${PODS_PODFILE_DIR_PATH}/Podfile.lock\" \"${PODS_ROOT}/Manifest.lock\" > /dev/null\nif [ $? != 0 ] ; then\n    # print error to STDERR\n    echo \"error: The sandbox is not in sync with the Podfile.lock. Run 'pod install' or update your CocoaPods installation.\" >&2\n    exit 1\nfi\n# This output is used by Xcode 'outputs' to avoid re-running this script phase.\necho \"SUCCESS\" > \"${SCRIPT_OUTPUT_FILE_0}\"\n";
			showEnvVarsInLog = 0;
		};
/* End PBXShellScriptBuildPhase section */

/* Begin PBXSourcesBuildPhase section */
		9476E62527CF947C00D94C4A /* Sources */ = {
			isa = PBXSourcesBuildPhase;
			buildActionMask = 2147483647;
			files = (
				948E487027D4A8CF00E35408 /* ChatMessage.swift in Sources */,
				944048F727D3A6C6005109F1 /* MessengerService.swift in Sources */,
				94AD642227D29AB800AA486E /* HorizontalStack.swift in Sources */,
				948E487227D4A8DF00E35408 /* Sender.swift in Sources */,
				94AD641727D28BA400AA486E /* BasePreviewProvider.swift in Sources */,
				94AD641627D28BA400AA486E /* UIView+Extension.swift in Sources */,
				9476E62D27CF947C00D94C4A /* AppDelegate.swift in Sources */,
				94AD642027D28D9F00AA486E /* ChatViewController.swift in Sources */,
				9404385727D33E6A00A04D02 /* VerticalStack.swift in Sources */,
				944048F327D372D4005109F1 /* AudioInputField.swift in Sources */,
				948E486A27D4A6E400E35408 /* MesssengerServiceRepository.swift in Sources */,
				94AD641E27D28C7300AA486E /* MessageInputField.swift in Sources */,
				9476E62F27CF947C00D94C4A /* SceneDelegate.swift in Sources */,
				944048F927D3EB0A005109F1 /* ChatViewModel.swift in Sources */,
				94AD641B27D28BA400AA486E /* BaseView.swift in Sources */,
			);
			runOnlyForDeploymentPostprocessing = 0;
		};
		9476E63B27CF947F00D94C4A /* Sources */ = {
			isa = PBXSourcesBuildPhase;
			buildActionMask = 2147483647;
			files = (
				9476E64427CF947F00D94C4A /* BirdChatTests.swift in Sources */,
			);
			runOnlyForDeploymentPostprocessing = 0;
		};
		9476E64527CF947F00D94C4A /* Sources */ = {
			isa = PBXSourcesBuildPhase;
			buildActionMask = 2147483647;
			files = (
				9476E65027CF947F00D94C4A /* BirdChatUITestsLaunchTests.swift in Sources */,
				9476E64E27CF947F00D94C4A /* BirdChatUITests.swift in Sources */,
			);
			runOnlyForDeploymentPostprocessing = 0;
		};
/* End PBXSourcesBuildPhase section */

/* Begin PBXTargetDependency section */
		9476E64127CF947F00D94C4A /* PBXTargetDependency */ = {
			isa = PBXTargetDependency;
			target = 9476E62827CF947C00D94C4A /* BirdChat */;
			targetProxy = 9476E64027CF947F00D94C4A /* PBXContainerItemProxy */;
		};
		9476E64B27CF947F00D94C4A /* PBXTargetDependency */ = {
			isa = PBXTargetDependency;
			target = 9476E62827CF947C00D94C4A /* BirdChat */;
			targetProxy = 9476E64A27CF947F00D94C4A /* PBXContainerItemProxy */;
		};
/* End PBXTargetDependency section */

/* Begin PBXVariantGroup section */
		9476E63727CF947F00D94C4A /* LaunchScreen.storyboard */ = {
			isa = PBXVariantGroup;
			children = (
				9476E63827CF947F00D94C4A /* Base */,
			);
			name = LaunchScreen.storyboard;
			sourceTree = "<group>";
		};
/* End PBXVariantGroup section */

/* Begin XCBuildConfiguration section */
		9476E65127CF947F00D94C4A /* Debug */ = {
			isa = XCBuildConfiguration;
			buildSettings = {
				ALWAYS_SEARCH_USER_PATHS = NO;
				CLANG_ANALYZER_NONNULL = YES;
				CLANG_ANALYZER_NUMBER_OBJECT_CONVERSION = YES_AGGRESSIVE;
				CLANG_CXX_LANGUAGE_STANDARD = "gnu++17";
				CLANG_CXX_LIBRARY = "libc++";
				CLANG_ENABLE_MODULES = YES;
				CLANG_ENABLE_OBJC_ARC = YES;
				CLANG_ENABLE_OBJC_WEAK = YES;
				CLANG_WARN_BLOCK_CAPTURE_AUTORELEASING = YES;
				CLANG_WARN_BOOL_CONVERSION = YES;
				CLANG_WARN_COMMA = YES;
				CLANG_WARN_CONSTANT_CONVERSION = YES;
				CLANG_WARN_DEPRECATED_OBJC_IMPLEMENTATIONS = YES;
				CLANG_WARN_DIRECT_OBJC_ISA_USAGE = YES_ERROR;
				CLANG_WARN_DOCUMENTATION_COMMENTS = YES;
				CLANG_WARN_EMPTY_BODY = YES;
				CLANG_WARN_ENUM_CONVERSION = YES;
				CLANG_WARN_INFINITE_RECURSION = YES;
				CLANG_WARN_INT_CONVERSION = YES;
				CLANG_WARN_NON_LITERAL_NULL_CONVERSION = YES;
				CLANG_WARN_OBJC_IMPLICIT_RETAIN_SELF = YES;
				CLANG_WARN_OBJC_LITERAL_CONVERSION = YES;
				CLANG_WARN_OBJC_ROOT_CLASS = YES_ERROR;
				CLANG_WARN_QUOTED_INCLUDE_IN_FRAMEWORK_HEADER = YES;
				CLANG_WARN_RANGE_LOOP_ANALYSIS = YES;
				CLANG_WARN_STRICT_PROTOTYPES = YES;
				CLANG_WARN_SUSPICIOUS_MOVE = YES;
				CLANG_WARN_UNGUARDED_AVAILABILITY = YES_AGGRESSIVE;
				CLANG_WARN_UNREACHABLE_CODE = YES;
				CLANG_WARN__DUPLICATE_METHOD_MATCH = YES;
				COPY_PHASE_STRIP = NO;
				DEBUG_INFORMATION_FORMAT = dwarf;
				ENABLE_STRICT_OBJC_MSGSEND = YES;
				ENABLE_TESTABILITY = YES;
				GCC_C_LANGUAGE_STANDARD = gnu11;
				GCC_DYNAMIC_NO_PIC = NO;
				GCC_NO_COMMON_BLOCKS = YES;
				GCC_OPTIMIZATION_LEVEL = 0;
				GCC_PREPROCESSOR_DEFINITIONS = (
					"DEBUG=1",
					"$(inherited)",
				);
				GCC_WARN_64_TO_32_BIT_CONVERSION = YES;
				GCC_WARN_ABOUT_RETURN_TYPE = YES_ERROR;
				GCC_WARN_UNDECLARED_SELECTOR = YES;
				GCC_WARN_UNINITIALIZED_AUTOS = YES_AGGRESSIVE;
				GCC_WARN_UNUSED_FUNCTION = YES;
				GCC_WARN_UNUSED_VARIABLE = YES;
				IPHONEOS_DEPLOYMENT_TARGET = 15.2;
				MTL_ENABLE_DEBUG_INFO = INCLUDE_SOURCE;
				MTL_FAST_MATH = YES;
				ONLY_ACTIVE_ARCH = YES;
				SDKROOT = iphoneos;
				SWIFT_ACTIVE_COMPILATION_CONDITIONS = DEBUG;
				SWIFT_OPTIMIZATION_LEVEL = "-Onone";
			};
			name = Debug;
		};
		9476E65227CF947F00D94C4A /* Release */ = {
			isa = XCBuildConfiguration;
			buildSettings = {
				ALWAYS_SEARCH_USER_PATHS = NO;
				CLANG_ANALYZER_NONNULL = YES;
				CLANG_ANALYZER_NUMBER_OBJECT_CONVERSION = YES_AGGRESSIVE;
				CLANG_CXX_LANGUAGE_STANDARD = "gnu++17";
				CLANG_CXX_LIBRARY = "libc++";
				CLANG_ENABLE_MODULES = YES;
				CLANG_ENABLE_OBJC_ARC = YES;
				CLANG_ENABLE_OBJC_WEAK = YES;
				CLANG_WARN_BLOCK_CAPTURE_AUTORELEASING = YES;
				CLANG_WARN_BOOL_CONVERSION = YES;
				CLANG_WARN_COMMA = YES;
				CLANG_WARN_CONSTANT_CONVERSION = YES;
				CLANG_WARN_DEPRECATED_OBJC_IMPLEMENTATIONS = YES;
				CLANG_WARN_DIRECT_OBJC_ISA_USAGE = YES_ERROR;
				CLANG_WARN_DOCUMENTATION_COMMENTS = YES;
				CLANG_WARN_EMPTY_BODY = YES;
				CLANG_WARN_ENUM_CONVERSION = YES;
				CLANG_WARN_INFINITE_RECURSION = YES;
				CLANG_WARN_INT_CONVERSION = YES;
				CLANG_WARN_NON_LITERAL_NULL_CONVERSION = YES;
				CLANG_WARN_OBJC_IMPLICIT_RETAIN_SELF = YES;
				CLANG_WARN_OBJC_LITERAL_CONVERSION = YES;
				CLANG_WARN_OBJC_ROOT_CLASS = YES_ERROR;
				CLANG_WARN_QUOTED_INCLUDE_IN_FRAMEWORK_HEADER = YES;
				CLANG_WARN_RANGE_LOOP_ANALYSIS = YES;
				CLANG_WARN_STRICT_PROTOTYPES = YES;
				CLANG_WARN_SUSPICIOUS_MOVE = YES;
				CLANG_WARN_UNGUARDED_AVAILABILITY = YES_AGGRESSIVE;
				CLANG_WARN_UNREACHABLE_CODE = YES;
				CLANG_WARN__DUPLICATE_METHOD_MATCH = YES;
				COPY_PHASE_STRIP = NO;
				DEBUG_INFORMATION_FORMAT = "dwarf-with-dsym";
				ENABLE_NS_ASSERTIONS = NO;
				ENABLE_STRICT_OBJC_MSGSEND = YES;
				GCC_C_LANGUAGE_STANDARD = gnu11;
				GCC_NO_COMMON_BLOCKS = YES;
				GCC_WARN_64_TO_32_BIT_CONVERSION = YES;
				GCC_WARN_ABOUT_RETURN_TYPE = YES_ERROR;
				GCC_WARN_UNDECLARED_SELECTOR = YES;
				GCC_WARN_UNINITIALIZED_AUTOS = YES_AGGRESSIVE;
				GCC_WARN_UNUSED_FUNCTION = YES;
				GCC_WARN_UNUSED_VARIABLE = YES;
				IPHONEOS_DEPLOYMENT_TARGET = 15.2;
				MTL_ENABLE_DEBUG_INFO = NO;
				MTL_FAST_MATH = YES;
				SDKROOT = iphoneos;
				SWIFT_COMPILATION_MODE = wholemodule;
				SWIFT_OPTIMIZATION_LEVEL = "-O";
				VALIDATE_PRODUCT = YES;
			};
			name = Release;
		};
		9476E65427CF947F00D94C4A /* Debug */ = {
			isa = XCBuildConfiguration;
			baseConfigurationReference = 8270120E65EFB10C43068DAA /* Pods-BirdChat.debug.xcconfig */;
			buildSettings = {
				ASSETCATALOG_COMPILER_APPICON_NAME = AppIcon;
				ASSETCATALOG_COMPILER_GLOBAL_ACCENT_COLOR_NAME = AccentColor;
				CODE_SIGN_STYLE = Automatic;
				CURRENT_PROJECT_VERSION = 1;
				GENERATE_INFOPLIST_FILE = YES;
				INFOPLIST_FILE = BirdChat/Resources/Info.plist;
				INFOPLIST_KEY_UIApplicationSupportsIndirectInputEvents = YES;
				INFOPLIST_KEY_UILaunchStoryboardName = LaunchScreen;
				INFOPLIST_KEY_UISupportedInterfaceOrientations_iPad = "UIInterfaceOrientationPortrait UIInterfaceOrientationPortraitUpsideDown UIInterfaceOrientationLandscapeLeft UIInterfaceOrientationLandscapeRight";
				INFOPLIST_KEY_UISupportedInterfaceOrientations_iPhone = "UIInterfaceOrientationPortrait UIInterfaceOrientationLandscapeLeft UIInterfaceOrientationLandscapeRight";
				IPHONEOS_DEPLOYMENT_TARGET = 14.0;
				LD_RUNPATH_SEARCH_PATHS = (
					"$(inherited)",
					"@executable_path/Frameworks",
				);
				MARKETING_VERSION = 1.0;
				PRODUCT_BUNDLE_IDENTIFIER = com.tomisin.BirdChat;
				PRODUCT_NAME = "$(TARGET_NAME)";
				SWIFT_EMIT_LOC_STRINGS = YES;
				SWIFT_VERSION = 5.0;
				TARGETED_DEVICE_FAMILY = 1;
			};
			name = Debug;
		};
		9476E65527CF947F00D94C4A /* Release */ = {
			isa = XCBuildConfiguration;
			baseConfigurationReference = 59B6E3349C46F80185ACE01C /* Pods-BirdChat.release.xcconfig */;
			buildSettings = {
				ASSETCATALOG_COMPILER_APPICON_NAME = AppIcon;
				ASSETCATALOG_COMPILER_GLOBAL_ACCENT_COLOR_NAME = AccentColor;
				CODE_SIGN_STYLE = Automatic;
				CURRENT_PROJECT_VERSION = 1;
				GENERATE_INFOPLIST_FILE = YES;
				INFOPLIST_FILE = BirdChat/Resources/Info.plist;
				INFOPLIST_KEY_UIApplicationSupportsIndirectInputEvents = YES;
				INFOPLIST_KEY_UILaunchStoryboardName = LaunchScreen;
				INFOPLIST_KEY_UISupportedInterfaceOrientations_iPad = "UIInterfaceOrientationPortrait UIInterfaceOrientationPortraitUpsideDown UIInterfaceOrientationLandscapeLeft UIInterfaceOrientationLandscapeRight";
				INFOPLIST_KEY_UISupportedInterfaceOrientations_iPhone = "UIInterfaceOrientationPortrait UIInterfaceOrientationLandscapeLeft UIInterfaceOrientationLandscapeRight";
				IPHONEOS_DEPLOYMENT_TARGET = 14.0;
				LD_RUNPATH_SEARCH_PATHS = (
					"$(inherited)",
					"@executable_path/Frameworks",
				);
				MARKETING_VERSION = 1.0;
				PRODUCT_BUNDLE_IDENTIFIER = com.tomisin.BirdChat;
				PRODUCT_NAME = "$(TARGET_NAME)";
				SWIFT_EMIT_LOC_STRINGS = YES;
				SWIFT_VERSION = 5.0;
				TARGETED_DEVICE_FAMILY = 1;
			};
			name = Release;
		};
		9476E65727CF947F00D94C4A /* Debug */ = {
			isa = XCBuildConfiguration;
			baseConfigurationReference = C6827FCE69F99978FCE30F54 /* Pods-BirdChatTests.debug.xcconfig */;
			buildSettings = {
				ALWAYS_EMBED_SWIFT_STANDARD_LIBRARIES = YES;
				BUNDLE_LOADER = "$(TEST_HOST)";
				CODE_SIGN_STYLE = Automatic;
				CURRENT_PROJECT_VERSION = 1;
				GENERATE_INFOPLIST_FILE = YES;
				IPHONEOS_DEPLOYMENT_TARGET = 15.2;
				MARKETING_VERSION = 1.0;
				PRODUCT_BUNDLE_IDENTIFIER = com.tomisin.BirdChatTests;
				PRODUCT_NAME = "$(TARGET_NAME)";
				SWIFT_EMIT_LOC_STRINGS = NO;
				SWIFT_VERSION = 5.0;
				TARGETED_DEVICE_FAMILY = "1,2";
				TEST_HOST = "$(BUILT_PRODUCTS_DIR)/BirdChat.app/BirdChat";
			};
			name = Debug;
		};
		9476E65827CF947F00D94C4A /* Release */ = {
			isa = XCBuildConfiguration;
			baseConfigurationReference = 9957786B54BDA672453E0F9D /* Pods-BirdChatTests.release.xcconfig */;
			buildSettings = {
				ALWAYS_EMBED_SWIFT_STANDARD_LIBRARIES = YES;
				BUNDLE_LOADER = "$(TEST_HOST)";
				CODE_SIGN_STYLE = Automatic;
				CURRENT_PROJECT_VERSION = 1;
				GENERATE_INFOPLIST_FILE = YES;
				IPHONEOS_DEPLOYMENT_TARGET = 15.2;
				MARKETING_VERSION = 1.0;
				PRODUCT_BUNDLE_IDENTIFIER = com.tomisin.BirdChatTests;
				PRODUCT_NAME = "$(TARGET_NAME)";
				SWIFT_EMIT_LOC_STRINGS = NO;
				SWIFT_VERSION = 5.0;
				TARGETED_DEVICE_FAMILY = "1,2";
				TEST_HOST = "$(BUILT_PRODUCTS_DIR)/BirdChat.app/BirdChat";
			};
			name = Release;
		};
		9476E65A27CF947F00D94C4A /* Debug */ = {
			isa = XCBuildConfiguration;
			baseConfigurationReference = 5311B78E4A264760AECF4279 /* Pods-BirdChat-BirdChatUITests.debug.xcconfig */;
			buildSettings = {
				ALWAYS_EMBED_SWIFT_STANDARD_LIBRARIES = YES;
				CODE_SIGN_STYLE = Automatic;
				CURRENT_PROJECT_VERSION = 1;
				GENERATE_INFOPLIST_FILE = YES;
				MARKETING_VERSION = 1.0;
				PRODUCT_BUNDLE_IDENTIFIER = com.tomisin.BirdChatUITests;
				PRODUCT_NAME = "$(TARGET_NAME)";
				SWIFT_EMIT_LOC_STRINGS = NO;
				SWIFT_VERSION = 5.0;
				TARGETED_DEVICE_FAMILY = "1,2";
				TEST_TARGET_NAME = BirdChat;
			};
			name = Debug;
		};
		9476E65B27CF947F00D94C4A /* Release */ = {
			isa = XCBuildConfiguration;
			baseConfigurationReference = 6DD2438234F614A63D3E3384 /* Pods-BirdChat-BirdChatUITests.release.xcconfig */;
			buildSettings = {
				ALWAYS_EMBED_SWIFT_STANDARD_LIBRARIES = YES;
				CODE_SIGN_STYLE = Automatic;
				CURRENT_PROJECT_VERSION = 1;
				GENERATE_INFOPLIST_FILE = YES;
				MARKETING_VERSION = 1.0;
				PRODUCT_BUNDLE_IDENTIFIER = com.tomisin.BirdChatUITests;
				PRODUCT_NAME = "$(TARGET_NAME)";
				SWIFT_EMIT_LOC_STRINGS = NO;
				SWIFT_VERSION = 5.0;
				TARGETED_DEVICE_FAMILY = "1,2";
				TEST_TARGET_NAME = BirdChat;
			};
			name = Release;
		};
/* End XCBuildConfiguration section */

/* Begin XCConfigurationList section */
		9476E62427CF947C00D94C4A /* Build configuration list for PBXProject "BirdChat" */ = {
			isa = XCConfigurationList;
			buildConfigurations = (
				9476E65127CF947F00D94C4A /* Debug */,
				9476E65227CF947F00D94C4A /* Release */,
			);
			defaultConfigurationIsVisible = 0;
			defaultConfigurationName = Release;
		};
		9476E65327CF947F00D94C4A /* Build configuration list for PBXNativeTarget "BirdChat" */ = {
			isa = XCConfigurationList;
			buildConfigurations = (
				9476E65427CF947F00D94C4A /* Debug */,
				9476E65527CF947F00D94C4A /* Release */,
			);
			defaultConfigurationIsVisible = 0;
			defaultConfigurationName = Release;
		};
		9476E65627CF947F00D94C4A /* Build configuration list for PBXNativeTarget "BirdChatTests" */ = {
			isa = XCConfigurationList;
			buildConfigurations = (
				9476E65727CF947F00D94C4A /* Debug */,
				9476E65827CF947F00D94C4A /* Release */,
			);
			defaultConfigurationIsVisible = 0;
			defaultConfigurationName = Release;
		};
		9476E65927CF947F00D94C4A /* Build configuration list for PBXNativeTarget "BirdChatUITests" */ = {
			isa = XCConfigurationList;
			buildConfigurations = (
				9476E65A27CF947F00D94C4A /* Debug */,
				9476E65B27CF947F00D94C4A /* Release */,
			);
			defaultConfigurationIsVisible = 0;
			defaultConfigurationName = Release;
		};
/* End XCConfigurationList section */
	};
	rootObject = 9476E62127CF947C00D94C4A /* Project object */;
}
